
Microsoft Visual Studio Solution File, Format Version 12.00
# Visual Studio 15
VisualStudioVersion = 15.0.27130.2027
MinimumVisualStudioVersion = 10.0.40219.1
Project("{FAE04EC0-301F-11D3-BF4B-00C04F79EFBC}") = "ConsoleApp17", "ConsoleApp17\ConsoleApp17.csproj", "{65EA6DB6-9DFF-449D-BD67-3F4058981A18}"
EndProject
Global
	GlobalSection(SolutionConfigurationPlatforms) = preSolution
		Debug|Any CPU = Debug|Any CPU
		Release|Any CPU = Release|Any CPU
	EndGlobalSection
	GlobalSection(ProjectConfigurationPlatforms) = postSolution
		{65EA6DB6-9DFF-449D-BD67-3F4058981A18}.Debug|Any CPU.ActiveCfg = Debug|Any CPU
		{65EA6DB6-9DFF-449D-BD67-3F4058981A18}.Debug|Any CPU.Build.0 = Debug|Any CPU
		{65EA6DB6-9DFF-449D-BD67-3F4058981A18}.Release|Any CPU.ActiveCfg = Release|Any CPU
		{65EA6DB6-9DFF-449D-BD67-3F4058981A18}.Release|Any CPU.Build.0 = Release|Any CPU
	EndGlobalSection
	GlobalSection(SolutionProperties) = preSolution
		HideSolutionNode = FALSE
	EndGlobalSection
	GlobalSection(ExtensibilityGlobals) = postSolution
		SolutionGuid = {454CCC7C-8BFA-4C50-AD3E-E1488D04118F}
	EndGlobalSection
EndGlobal
