
Microsoft Visual Studio Solution File, Format Version 12.00
# Visual Studio 15
VisualStudioVersion = 15.0.27130.2027
MinimumVisualStudioVersion = 10.0.40219.1
Project("{FAE04EC0-301F-11D3-BF4B-00C04F79EFBC}") = "УМНОЖЕНИЕ НА 7", "УМНОЖЕНИЕ НА 7\УМНОЖЕНИЕ НА 7.csproj", "{8FF723AA-2E7E-48B3-AC1D-247A7596636B}"
EndProject
Global
	GlobalSection(SolutionConfigurationPlatforms) = preSolution
		Debug|Any CPU = Debug|Any CPU
		Release|Any CPU = Release|Any CPU
	EndGlobalSection
	GlobalSection(ProjectConfigurationPlatforms) = postSolution
		{8FF723AA-2E7E-48B3-AC1D-247A7596636B}.Debug|Any CPU.ActiveCfg = Debug|Any CPU
		{8FF723AA-2E7E-48B3-AC1D-247A7596636B}.Debug|Any CPU.Build.0 = Debug|Any CPU
		{8FF723AA-2E7E-48B3-AC1D-247A7596636B}.Release|Any CPU.ActiveCfg = Release|Any CPU
		{8FF723AA-2E7E-48B3-AC1D-247A7596636B}.Release|Any CPU.Build.0 = Release|Any CPU
	EndGlobalSection
	GlobalSection(SolutionProperties) = preSolution
		HideSolutionNode = FALSE
	EndGlobalSection
	GlobalSection(ExtensibilityGlobals) = postSolution
		SolutionGuid = {D0982D19-9C74-4B24-A8C4-2035560997FE}
	EndGlobalSection
EndGlobal
