
Microsoft Visual Studio Solution File, Format Version 12.00
# Visual Studio 15
VisualStudioVersion = 15.0.27130.2027
MinimumVisualStudioVersion = 10.0.40219.1
Project("{FAE04EC0-301F-11D3-BF4B-00C04F79EFBC}") = "Числа от 20 до 35", "Числа от 20 до 35\Числа от 20 до 35.csproj", "{38844150-AB3F-4456-99F7-0E154F8908B5}"
EndProject
Global
	GlobalSection(SolutionConfigurationPlatforms) = preSolution
		Debug|Any CPU = Debug|Any CPU
		Release|Any CPU = Release|Any CPU
	EndGlobalSection
	GlobalSection(ProjectConfigurationPlatforms) = postSolution
		{38844150-AB3F-4456-99F7-0E154F8908B5}.Debug|Any CPU.ActiveCfg = Debug|Any CPU
		{38844150-AB3F-4456-99F7-0E154F8908B5}.Debug|Any CPU.Build.0 = Debug|Any CPU
		{38844150-AB3F-4456-99F7-0E154F8908B5}.Release|Any CPU.ActiveCfg = Release|Any CPU
		{38844150-AB3F-4456-99F7-0E154F8908B5}.Release|Any CPU.Build.0 = Release|Any CPU
	EndGlobalSection
	GlobalSection(SolutionProperties) = preSolution
		HideSolutionNode = FALSE
	EndGlobalSection
	GlobalSection(ExtensibilityGlobals) = postSolution
		SolutionGuid = {51824E63-D591-4609-BF10-A98447638FC8}
	EndGlobalSection
EndGlobal
