
Microsoft Visual Studio Solution File, Format Version 11.00
# Visual Studio 2010
Project("{FAE04EC0-301F-11D3-BF4B-00C04F79EFBC}") = "LessonOnUnity2(2)", "Assembly-CSharp-firstpass.csproj", "{425496DE-2382-B005-2303-B96B7277BBEE}"
EndProject
Project("{FAE04EC0-301F-11D3-BF4B-00C04F79EFBC}") = "LessonOnUnity2(2)", "Assembly-CSharp.csproj", "{8C90E073-462D-B986-99ED-15DDDEFC5691}"
EndProject
Project("{FAE04EC0-301F-11D3-BF4B-00C04F79EFBC}") = "LessonOnUnity2(2)", "Assembly-CSharp-Editor-firstpass.csproj", "{00A1F6B1-B6A6-F22C-7347-C7E508984A7F}"
EndProject
Global
	GlobalSection(SolutionConfigurationPlatforms) = preSolution
		Debug|Any CPU = Debug|Any CPU
		Release|Any CPU = Release|Any CPU
	EndGlobalSection
	GlobalSection(ProjectConfigurationPlatforms) = postSolution
		{425496DE-2382-B005-2303-B96B7277BBEE}.Debug|Any CPU.ActiveCfg = Debug|Any CPU
		{425496DE-2382-B005-2303-B96B7277BBEE}.Debug|Any CPU.Build.0 = Debug|Any CPU
		{425496DE-2382-B005-2303-B96B7277BBEE}.Release|Any CPU.ActiveCfg = Release|Any CPU
		{425496DE-2382-B005-2303-B96B7277BBEE}.Release|Any CPU.Build.0 = Release|Any CPU
		{8C90E073-462D-B986-99ED-15DDDEFC5691}.Debug|Any CPU.ActiveCfg = Debug|Any CPU
		{8C90E073-462D-B986-99ED-15DDDEFC5691}.Debug|Any CPU.Build.0 = Debug|Any CPU
		{8C90E073-462D-B986-99ED-15DDDEFC5691}.Release|Any CPU.ActiveCfg = Release|Any CPU
		{8C90E073-462D-B986-99ED-15DDDEFC5691}.Release|Any CPU.Build.0 = Release|Any CPU
		{00A1F6B1-B6A6-F22C-7347-C7E508984A7F}.Debug|Any CPU.ActiveCfg = Debug|Any CPU
		{00A1F6B1-B6A6-F22C-7347-C7E508984A7F}.Debug|Any CPU.Build.0 = Debug|Any CPU
		{00A1F6B1-B6A6-F22C-7347-C7E508984A7F}.Release|Any CPU.ActiveCfg = Release|Any CPU
		{00A1F6B1-B6A6-F22C-7347-C7E508984A7F}.Release|Any CPU.Build.0 = Release|Any CPU
	EndGlobalSection
	GlobalSection(SolutionProperties) = preSolution
		HideSolutionNode = FALSE
	EndGlobalSection
	GlobalSection(MonoDevelopProperties) = preSolution
		StartupItem = Assembly-CSharp.csproj
	EndGlobalSection
EndGlobal
